# @generated by Move, please check-in and do not edit manually.

[move]
version = 3
manifest_digest = "0E6478748E979F5B750B0F2DC519B20831F3E5CC54E2F04B3E84D0EBA48AA4B1"
deps_digest = "F8BBB0CCB2491CA29A3DF03D6F92277A4F3574266507ACD77214D37ECA3F3082"
dependencies = [
  { id = "Sui", name = "Sui" },
]

[[move.package]]
id = "MoveStdlib"
source = { local = "Y:\\sui-framework-testnet\\crates\\sui-framework\\packages\\move-stdlib" }

[[move.package]]
id = "Sui"
source = { local = "Y:\\sui-framework-testnet\\crates\\sui-framework\\packages\\sui-framework" }

dependencies = [
  { id = "MoveStdlib", name = "MoveStdlib" },
]

[move.toolchain-version]
compiler-version = "1.44.3"
edition = "2024.beta"
flavor = "sui"

[env]

[env.testnet]
chain-id = "4c78adac"
original-published-id = "0x36f2b8f9126c35ab0c3b8776f520df0391a9db50ee79926722da93d828369972"
latest-published-id = "0x36f2b8f9126c35ab0c3b8776f520df0391a9db50ee79926722da93d828369972"
published-version = "1"
